
Microsoft Visual Studio Solution File, Format Version 12.00
Project("{2150E333-8FDC-42A3-9474-1A3956D46DE8}") = "Core", "Core", "{62E7BE0B-52DA-40A4-8220-AD456DABC926}"
EndProject
Project("{2150E333-8FDC-42A3-9474-1A3956D46DE8}") = "Infrasturcutre", "Infrasturcutre", "{74883630-CA2B-4E02-9016-090F246B62FD}"
EndProject
Project("{2150E333-8FDC-42A3-9474-1A3956D46DE8}") = "Test", "Test", "{9FDEC025-C219-4615-91B5-34893E235017}"
EndProject
Project("{2150E333-8FDC-42A3-9474-1A3956D46DE8}") = "Presentation", "Presentation", "{6F95E04A-3A84-45C0-BE11-6BD59A4DF9D4}"
EndProject
Project("{FAE04EC0-301F-11D3-BF4B-00C04F79EFBC}") = "CleanArch.Domain", "CleanArch.Domain\CleanArch.Domain.csproj", "{6D9FFAEB-4B66-4AF5-97A9-9A130831C68B}"
EndProject
Project("{FAE04EC0-301F-11D3-BF4B-00C04F79EFBC}") = "CleanArch.Application", "CleanArch.Application\CleanArch.Application.csproj", "{0121F295-2A98-4AA9-A6E1-CFCAE0BAAD59}"
EndProject
Project("{FAE04EC0-301F-11D3-BF4B-00C04F79EFBC}") = "CleanArch.Infrastructure", "CleanArch.Infrastructure\CleanArch.Infrastructure.csproj", "{EA65C211-D7F9-474E-A5C7-65DDE528FEE6}"
EndProject
Project("{FAE04EC0-301F-11D3-BF4B-00C04F79EFBC}") = "CleanArch.Persistence", "CleanArch.Persistence\CleanArch.Persistence.csproj", "{229CC42F-A369-41AD-8B16-D0976EC06E65}"
EndProject
Project("{FAE04EC0-301F-11D3-BF4B-00C04F79EFBC}") = "CleanArch.API", "CleanArch.API\CleanArch.API.csproj", "{C4C34526-7249-4422-BC4F-368D4BC721F9}"
EndProject
Project("{FAE04EC0-301F-11D3-BF4B-00C04F79EFBC}") = "CleanArch.UnitTests", "CleanArch.UnitTests\CleanArch.UnitTests.csproj", "{9EED2650-EB93-43CE-945E-1F41FE51156E}"
EndProject
Global
	GlobalSection(SolutionConfigurationPlatforms) = preSolution
		Debug|Any CPU = Debug|Any CPU
		Release|Any CPU = Release|Any CPU
	EndGlobalSection
	GlobalSection(NestedProjects) = preSolution
		{6D9FFAEB-4B66-4AF5-97A9-9A130831C68B} = {62E7BE0B-52DA-40A4-8220-AD456DABC926}
		{0121F295-2A98-4AA9-A6E1-CFCAE0BAAD59} = {62E7BE0B-52DA-40A4-8220-AD456DABC926}
		{EA65C211-D7F9-474E-A5C7-65DDE528FEE6} = {74883630-CA2B-4E02-9016-090F246B62FD}
		{229CC42F-A369-41AD-8B16-D0976EC06E65} = {74883630-CA2B-4E02-9016-090F246B62FD}
		{C4C34526-7249-4422-BC4F-368D4BC721F9} = {6F95E04A-3A84-45C0-BE11-6BD59A4DF9D4}
		{9EED2650-EB93-43CE-945E-1F41FE51156E} = {9FDEC025-C219-4615-91B5-34893E235017}
	EndGlobalSection
	GlobalSection(ProjectConfigurationPlatforms) = postSolution
		{6D9FFAEB-4B66-4AF5-97A9-9A130831C68B}.Debug|Any CPU.ActiveCfg = Debug|Any CPU
		{6D9FFAEB-4B66-4AF5-97A9-9A130831C68B}.Debug|Any CPU.Build.0 = Debug|Any CPU
		{6D9FFAEB-4B66-4AF5-97A9-9A130831C68B}.Release|Any CPU.ActiveCfg = Release|Any CPU
		{6D9FFAEB-4B66-4AF5-97A9-9A130831C68B}.Release|Any CPU.Build.0 = Release|Any CPU
		{0121F295-2A98-4AA9-A6E1-CFCAE0BAAD59}.Debug|Any CPU.ActiveCfg = Debug|Any CPU
		{0121F295-2A98-4AA9-A6E1-CFCAE0BAAD59}.Debug|Any CPU.Build.0 = Debug|Any CPU
		{0121F295-2A98-4AA9-A6E1-CFCAE0BAAD59}.Release|Any CPU.ActiveCfg = Release|Any CPU
		{0121F295-2A98-4AA9-A6E1-CFCAE0BAAD59}.Release|Any CPU.Build.0 = Release|Any CPU
		{EA65C211-D7F9-474E-A5C7-65DDE528FEE6}.Debug|Any CPU.ActiveCfg = Debug|Any CPU
		{EA65C211-D7F9-474E-A5C7-65DDE528FEE6}.Debug|Any CPU.Build.0 = Debug|Any CPU
		{EA65C211-D7F9-474E-A5C7-65DDE528FEE6}.Release|Any CPU.ActiveCfg = Release|Any CPU
		{EA65C211-D7F9-474E-A5C7-65DDE528FEE6}.Release|Any CPU.Build.0 = Release|Any CPU
		{229CC42F-A369-41AD-8B16-D0976EC06E65}.Debug|Any CPU.ActiveCfg = Debug|Any CPU
		{229CC42F-A369-41AD-8B16-D0976EC06E65}.Debug|Any CPU.Build.0 = Debug|Any CPU
		{229CC42F-A369-41AD-8B16-D0976EC06E65}.Release|Any CPU.ActiveCfg = Release|Any CPU
		{229CC42F-A369-41AD-8B16-D0976EC06E65}.Release|Any CPU.Build.0 = Release|Any CPU
		{C4C34526-7249-4422-BC4F-368D4BC721F9}.Debug|Any CPU.ActiveCfg = Debug|Any CPU
		{C4C34526-7249-4422-BC4F-368D4BC721F9}.Debug|Any CPU.Build.0 = Debug|Any CPU
		{C4C34526-7249-4422-BC4F-368D4BC721F9}.Release|Any CPU.ActiveCfg = Release|Any CPU
		{C4C34526-7249-4422-BC4F-368D4BC721F9}.Release|Any CPU.Build.0 = Release|Any CPU
		{9EED2650-EB93-43CE-945E-1F41FE51156E}.Debug|Any CPU.ActiveCfg = Debug|Any CPU
		{9EED2650-EB93-43CE-945E-1F41FE51156E}.Debug|Any CPU.Build.0 = Debug|Any CPU
		{9EED2650-EB93-43CE-945E-1F41FE51156E}.Release|Any CPU.ActiveCfg = Release|Any CPU
		{9EED2650-EB93-43CE-945E-1F41FE51156E}.Release|Any CPU.Build.0 = Release|Any CPU
	EndGlobalSection
EndGlobal
